
Microsoft Visual Studio Solution File, Format Version 12.00
# Visual Studio Version 17
VisualStudioVersion = 17.5.33516.290
MinimumVisualStudioVersion = 10.0.40219.1
Project("{FAE04EC0-301F-11D3-BF4B-00C04F79EFBC}") = "MVC_web_app", "MVC_web_app.csproj", "{3F7820AD-DD67-4991-8AE7-F0D71231FDB0}"
EndProject
Global
	GlobalSection(SolutionConfigurationPlatforms) = preSolution
		Debug|Any CPU = Debug|Any CPU
		Release|Any CPU = Release|Any CPU
	EndGlobalSection
	GlobalSection(ProjectConfigurationPlatforms) = postSolution
		{3F7820AD-DD67-4991-8AE7-F0D71231FDB0}.Debug|Any CPU.ActiveCfg = Debug|Any CPU
		{3F7820AD-DD67-4991-8AE7-F0D71231FDB0}.Debug|Any CPU.Build.0 = Debug|Any CPU
		{3F7820AD-DD67-4991-8AE7-F0D71231FDB0}.Release|Any CPU.ActiveCfg = Release|Any CPU
		{3F7820AD-DD67-4991-8AE7-F0D71231FDB0}.Release|Any CPU.Build.0 = Release|Any CPU
	EndGlobalSection
	GlobalSection(SolutionProperties) = preSolution
		HideSolutionNode = FALSE
	EndGlobalSection
	GlobalSection(ExtensibilityGlobals) = postSolution
		SolutionGuid = {F9835C12-0F3C-4296-88BA-EFDE7297E328}
	EndGlobalSection
EndGlobal
